
Microsoft Visual Studio Solution File, Format Version 12.00
# Visual Studio 2015
Project("{FAE04EC0-301F-11D3-BF4B-00C04F79EFBC}") = "Hands Test", "Hands Test.csproj", "{51B31DF3-38C4-4E5C-BE7C-4A2C0F0995C4}"
EndProject
Project("{FAE04EC0-301F-11D3-BF4B-00C04F79EFBC}") = "Hands Test.Plugins", "Hands Test.Plugins.csproj", "{6BAB1ADF-3363-FE2B-B45F-125636F0BB3A}"
EndProject
Project("{FAE04EC0-301F-11D3-BF4B-00C04F79EFBC}") = "Hands Test.Editor.Plugins", "Hands Test.Editor.Plugins.csproj", "{30AA58B6-5E61-4E6A-17C6-388220CFCF65}"
EndProject
Project("{FAE04EC0-301F-11D3-BF4B-00C04F79EFBC}") = "Hands Test.Editor", "Hands Test.Editor.csproj", "{34CEC78D-CEB7-DC3B-DD5C-77B558BCBBDA}"
EndProject
Global
	GlobalSection(SolutionConfigurationPlatforms) = preSolution
		Debug|Any CPU = Debug|Any CPU
		Release|Any CPU = Release|Any CPU
	EndGlobalSection
	GlobalSection(ProjectConfigurationPlatforms) = postSolution
		{51B31DF3-38C4-4E5C-BE7C-4A2C0F0995C4}.Debug|Any CPU.ActiveCfg = Debug|Any CPU
		{51B31DF3-38C4-4E5C-BE7C-4A2C0F0995C4}.Debug|Any CPU.Build.0 = Debug|Any CPU
		{51B31DF3-38C4-4E5C-BE7C-4A2C0F0995C4}.Release|Any CPU.ActiveCfg = Release|Any CPU
		{51B31DF3-38C4-4E5C-BE7C-4A2C0F0995C4}.Release|Any CPU.Build.0 = Release|Any CPU
		{6BAB1ADF-3363-FE2B-B45F-125636F0BB3A}.Debug|Any CPU.ActiveCfg = Debug|Any CPU
		{6BAB1ADF-3363-FE2B-B45F-125636F0BB3A}.Debug|Any CPU.Build.0 = Debug|Any CPU
		{6BAB1ADF-3363-FE2B-B45F-125636F0BB3A}.Release|Any CPU.ActiveCfg = Release|Any CPU
		{6BAB1ADF-3363-FE2B-B45F-125636F0BB3A}.Release|Any CPU.Build.0 = Release|Any CPU
		{30AA58B6-5E61-4E6A-17C6-388220CFCF65}.Debug|Any CPU.ActiveCfg = Debug|Any CPU
		{30AA58B6-5E61-4E6A-17C6-388220CFCF65}.Debug|Any CPU.Build.0 = Debug|Any CPU
		{30AA58B6-5E61-4E6A-17C6-388220CFCF65}.Release|Any CPU.ActiveCfg = Release|Any CPU
		{30AA58B6-5E61-4E6A-17C6-388220CFCF65}.Release|Any CPU.Build.0 = Release|Any CPU
		{34CEC78D-CEB7-DC3B-DD5C-77B558BCBBDA}.Debug|Any CPU.ActiveCfg = Debug|Any CPU
		{34CEC78D-CEB7-DC3B-DD5C-77B558BCBBDA}.Debug|Any CPU.Build.0 = Debug|Any CPU
		{34CEC78D-CEB7-DC3B-DD5C-77B558BCBBDA}.Release|Any CPU.ActiveCfg = Release|Any CPU
		{34CEC78D-CEB7-DC3B-DD5C-77B558BCBBDA}.Release|Any CPU.Build.0 = Release|Any CPU
	EndGlobalSection
	GlobalSection(SolutionProperties) = preSolution
		HideSolutionNode = FALSE
	EndGlobalSection
EndGlobal
